Microsoft Visual Studio Solution File, Format Version 8.00
Project("{8BC9CEB8-8B4A-11D0-8D11-00A0C91BC942}") = "14 VMMap", "14 VMMap.vcproj", "{EEBDD008-822A-49C0-AF10-7580C968CADD}"
	ProjectSection(ProjectDependencies) = postProject
	EndProjectSection
EndProject
Global
	GlobalSection(SolutionConfiguration) = preSolution
		Alpha32 Debug = Alpha32 Debug
		Alpha32 Release = Alpha32 Release
		Debug = Debug
		Release = Release
	EndGlobalSection
	GlobalSection(ProjectConfiguration) = postSolution
		{EEBDD008-822A-49C0-AF10-7580C968CADD}.Alpha32 Debug.ActiveCfg = Alpha32 Debug|Win32
		{EEBDD008-822A-49C0-AF10-7580C968CADD}.Alpha32 Debug.Build.0 = Alpha32 Debug|Win32
		{EEBDD008-822A-49C0-AF10-7580C968CADD}.Alpha32 Release.ActiveCfg = Alpha32 Release|Win32
		{EEBDD008-822A-49C0-AF10-7580C968CADD}.Alpha32 Release.Build.0 = Alpha32 Release|Win32
		{EEBDD008-822A-49C0-AF10-7580C968CADD}.Debug.ActiveCfg = Debug|Win32
		{EEBDD008-822A-49C0-AF10-7580C968CADD}.Debug.Build.0 = Debug|Win32
		{EEBDD008-822A-49C0-AF10-7580C968CADD}.Release.ActiveCfg = Release|Win32
		{EEBDD008-822A-49C0-AF10-7580C968CADD}.Release.Build.0 = Release|Win32
	EndGlobalSection
	GlobalSection(ExtensibilityGlobals) = postSolution
	EndGlobalSection
	GlobalSection(ExtensibilityAddIns) = postSolution
	EndGlobalSection
EndGlobal
